
Microsoft Visual Studio Solution File, Format Version 12.00
# Visual Studio Version 17
VisualStudioVersion = 17.1.32228.430
MinimumVisualStudioVersion = 10.0.40219.1
Project("{9A19103F-16F7-4668-BE54-9A1E7A4F7556}") = "Async Inn Management System", "Async Inn Management System\Async Inn Management System.csproj", "{7563AAF9-AD5F-4650-BF52-6A0B310905D8}"
EndProject
Project("{FAE04EC0-301F-11D3-BF4B-00C04F79EFBC}") = "TestHotel1", "TestHotel1\TestHotel1.csproj", "{90F1EFB4-7D62-4429-A027-878F8EC6FFDD}"
EndProject
Global
	GlobalSection(SolutionConfigurationPlatforms) = preSolution
		Debug|Any CPU = Debug|Any CPU
		Release|Any CPU = Release|Any CPU
	EndGlobalSection
	GlobalSection(ProjectConfigurationPlatforms) = postSolution
		{7563AAF9-AD5F-4650-BF52-6A0B310905D8}.Debug|Any CPU.ActiveCfg = Debug|Any CPU
		{7563AAF9-AD5F-4650-BF52-6A0B310905D8}.Debug|Any CPU.Build.0 = Debug|Any CPU
		{7563AAF9-AD5F-4650-BF52-6A0B310905D8}.Release|Any CPU.ActiveCfg = Release|Any CPU
		{7563AAF9-AD5F-4650-BF52-6A0B310905D8}.Release|Any CPU.Build.0 = Release|Any CPU
		{90F1EFB4-7D62-4429-A027-878F8EC6FFDD}.Debug|Any CPU.ActiveCfg = Debug|Any CPU
		{90F1EFB4-7D62-4429-A027-878F8EC6FFDD}.Debug|Any CPU.Build.0 = Debug|Any CPU
		{90F1EFB4-7D62-4429-A027-878F8EC6FFDD}.Release|Any CPU.ActiveCfg = Release|Any CPU
		{90F1EFB4-7D62-4429-A027-878F8EC6FFDD}.Release|Any CPU.Build.0 = Release|Any CPU
	EndGlobalSection
	GlobalSection(SolutionProperties) = preSolution
		HideSolutionNode = FALSE
	EndGlobalSection
	GlobalSection(ExtensibilityGlobals) = postSolution
		SolutionGuid = {A97F3F03-45CD-435A-8925-F68A50A0D922}
	EndGlobalSection
EndGlobal
